{
  "name": "flix123",
  "version": "1.0.0",
  "lockfileVersion": 3,
  "requires": true,
  "packages": {
    "": {
      "name": "flix123",
      "version": "1.0.0",
      "license": "MIT",
      "dependencies": {
        "flix1234": "^1.0.1"
      }
    },
    "node_modules/flix123": {
      "version": "1.0.0",
      "resolved": "https://registry.npmjs.org/flix123/-/flix123-1.0.0.tgz",
      "integrity": "sha512-OQPttk/98qpuO0npYnvNoS+a0OW7yOHozr64D6OQsPoCV/rvHCEefoPGhm68p3mxxkdDO9CVepag1hjoHzSfZQ=="
    },
    "node_modules/flix1234": {
      "version": "1.0.1",
      "resolved": "https://registry.npmjs.org/flix1234/-/flix1234-1.0.1.tgz",
      "integrity": "sha512-/hPjdjdDBEsC6MxDv1FObDTXHoiGIrtU21+rqGOSxUK3EdeQX463C2wPOz9bNwRk2FuaUopvXGxg0KA/n7e35Q==",
      "dependencies": {
        "flix123": "^1.0.0"
      }
    }
  }
}
